
Microsoft Visual Studio Solution File, Format Version 12.00
# Visual Studio Version 16
VisualStudioVersion = 16.0.31624.102
MinimumVisualStudioVersion = 10.0.40219.1
Project("{FAE04EC0-301F-11D3-BF4B-00C04F79EFBC}") = "baitap2", "baitap2\baitap2.csproj", "{D9D76E20-EAD5-4EEE-B53D-1EC34927BE2E}"
EndProject
Global
	GlobalSection(SolutionConfigurationPlatforms) = preSolution
		Debug|Any CPU = Debug|Any CPU
		Release|Any CPU = Release|Any CPU
	EndGlobalSection
	GlobalSection(ProjectConfigurationPlatforms) = postSolution
		{D9D76E20-EAD5-4EEE-B53D-1EC34927BE2E}.Debug|Any CPU.ActiveCfg = Debug|Any CPU
		{D9D76E20-EAD5-4EEE-B53D-1EC34927BE2E}.Debug|Any CPU.Build.0 = Debug|Any CPU
		{D9D76E20-EAD5-4EEE-B53D-1EC34927BE2E}.Release|Any CPU.ActiveCfg = Release|Any CPU
		{D9D76E20-EAD5-4EEE-B53D-1EC34927BE2E}.Release|Any CPU.Build.0 = Release|Any CPU
	EndGlobalSection
	GlobalSection(SolutionProperties) = preSolution
		HideSolutionNode = FALSE
	EndGlobalSection
	GlobalSection(ExtensibilityGlobals) = postSolution
		SolutionGuid = {98C7FBED-117A-4A48-8395-E4042399E782}
	EndGlobalSection
EndGlobal
